
Microsoft Visual Studio Solution File, Format Version 12.00
# Visual Studio Version 16
VisualStudioVersion = 16.0.29020.237
Project("{FAE04EC0-301F-11D3-BF4B-00C04F79EFBC}") = "SpaceX", "SpaceX\SpaceX.csproj", "{2C95D806-4EE5-4006-ACD9-EEBBC04DF52B}"
EndProject
Global
	GlobalSection(SolutionConfigurationPlatforms) = preSolution
		Debug|Any CPU = Debug|Any CPU
		Release|Any CPU = Release|Any CPU
	EndGlobalSection
	GlobalSection(ProjectConfigurationPlatforms) = postSolution
		{2C95D806-4EE5-4006-ACD9-EEBBC04DF52B}.Debug|Any CPU.ActiveCfg = Debug|Any CPU
		{2C95D806-4EE5-4006-ACD9-EEBBC04DF52B}.Debug|Any CPU.Build.0 = Debug|Any CPU
		{2C95D806-4EE5-4006-ACD9-EEBBC04DF52B}.Release|Any CPU.ActiveCfg = Release|Any CPU
		{2C95D806-4EE5-4006-ACD9-EEBBC04DF52B}.Release|Any CPU.Build.0 = Release|Any CPU
	EndGlobalSection
	GlobalSection(SolutionProperties) = preSolution
		HideSolutionNode = FALSE
	EndGlobalSection
	GlobalSection(ExtensibilityGlobals) = postSolution
		SolutionGuid = {9DDED45E-47FF-49E5-8C26-07019EC2576E}
	EndGlobalSection
EndGlobal
